# This file was autogenerated by Stack.
# You should not edit this file by hand.
# For more information, please see the documentation at:
#   https://docs.haskellstack.org/en/stable/lock_files

packages:
- completed:
    hackage: monoidal-containers-0.6.0.1@sha256:83d67afa030925aa4d2c6a14b5b65c530fab0ae5fdc84faa2099910cadf34f19,2583
    pantry-tree:
      size: 569
      sha256: 8c6c5c36f05c6831511141910219fc29ab0d71187f9cafc15bdcc28c998ff591
  original:
    hackage: monoidal-containers-0.6.0.1@sha256:83d67afa030925aa4d2c6a14b5b65c530fab0ae5fdc84faa2099910cadf34f19,2583
snapshots:
- completed:
    size: 532835
    url: https://raw.githubusercontent.com/commercialhaskell/stackage-snapshots/master/lts/16/24.yaml
    sha256: cf2b52420b2262fe9cf0f6744929120131abd6675b1c3fb2d8b155a47f80d103
  original: lts-16.24
